
Microsoft Visual Studio Solution File, Format Version 12.00
# Visual Studio 14
VisualStudioVersion = 14.0.25420.1
MinimumVisualStudioVersion = 10.0.40219.1
Project("{8BC9CEB8-8B4A-11D0-8D11-00A0C91BC942}") = "rrclient", "rrclient\rrclient.vcxproj", "{51299845-277F-4466-BA5D-8B855E4C3075}"
EndProject
Project("{8BC9CEB8-8B4A-11D0-8D11-00A0C91BC942}") = "rrworker", "rrworker\rrworker.vcxproj", "{2BAB7695-65F8-4A8A-95F0-C800000980BA}"
EndProject
Project("{8BC9CEB8-8B4A-11D0-8D11-00A0C91BC942}") = "rrbroker", "rrbroker\rrbroker.vcxproj", "{1CFD268B-10AF-42FE-AAFD-FB0D17B171E1}"
EndProject
Global
	GlobalSection(SolutionConfigurationPlatforms) = preSolution
		Debug|x64 = Debug|x64
		Debug|x86 = Debug|x86
		Release|x64 = Release|x64
		Release|x86 = Release|x86
	EndGlobalSection
	GlobalSection(ProjectConfigurationPlatforms) = postSolution
		{51299845-277F-4466-BA5D-8B855E4C3075}.Debug|x64.ActiveCfg = Debug|x64
		{51299845-277F-4466-BA5D-8B855E4C3075}.Debug|x64.Build.0 = Debug|x64
		{51299845-277F-4466-BA5D-8B855E4C3075}.Debug|x86.ActiveCfg = Debug|Win32
		{51299845-277F-4466-BA5D-8B855E4C3075}.Debug|x86.Build.0 = Debug|Win32
		{51299845-277F-4466-BA5D-8B855E4C3075}.Release|x64.ActiveCfg = Release|x64
		{51299845-277F-4466-BA5D-8B855E4C3075}.Release|x64.Build.0 = Release|x64
		{51299845-277F-4466-BA5D-8B855E4C3075}.Release|x86.ActiveCfg = Release|Win32
		{51299845-277F-4466-BA5D-8B855E4C3075}.Release|x86.Build.0 = Release|Win32
		{2BAB7695-65F8-4A8A-95F0-C800000980BA}.Debug|x64.ActiveCfg = Debug|x64
		{2BAB7695-65F8-4A8A-95F0-C800000980BA}.Debug|x64.Build.0 = Debug|x64
		{2BAB7695-65F8-4A8A-95F0-C800000980BA}.Debug|x86.ActiveCfg = Debug|Win32
		{2BAB7695-65F8-4A8A-95F0-C800000980BA}.Debug|x86.Build.0 = Debug|Win32
		{2BAB7695-65F8-4A8A-95F0-C800000980BA}.Release|x64.ActiveCfg = Release|x64
		{2BAB7695-65F8-4A8A-95F0-C800000980BA}.Release|x64.Build.0 = Release|x64
		{2BAB7695-65F8-4A8A-95F0-C800000980BA}.Release|x86.ActiveCfg = Release|Win32
		{2BAB7695-65F8-4A8A-95F0-C800000980BA}.Release|x86.Build.0 = Release|Win32
		{1CFD268B-10AF-42FE-AAFD-FB0D17B171E1}.Debug|x64.ActiveCfg = Debug|x64
		{1CFD268B-10AF-42FE-AAFD-FB0D17B171E1}.Debug|x64.Build.0 = Debug|x64
		{1CFD268B-10AF-42FE-AAFD-FB0D17B171E1}.Debug|x86.ActiveCfg = Debug|Win32
		{1CFD268B-10AF-42FE-AAFD-FB0D17B171E1}.Debug|x86.Build.0 = Debug|Win32
		{1CFD268B-10AF-42FE-AAFD-FB0D17B171E1}.Release|x64.ActiveCfg = Release|x64
		{1CFD268B-10AF-42FE-AAFD-FB0D17B171E1}.Release|x64.Build.0 = Release|x64
		{1CFD268B-10AF-42FE-AAFD-FB0D17B171E1}.Release|x86.ActiveCfg = Release|Win32
		{1CFD268B-10AF-42FE-AAFD-FB0D17B171E1}.Release|x86.Build.0 = Release|Win32
	EndGlobalSection
	GlobalSection(SolutionProperties) = preSolution
		HideSolutionNode = FALSE
	EndGlobalSection
EndGlobal
